
Microsoft Visual Studio Solution File, Format Version 12.00
# Visual Studio Version 17
VisualStudioVersion = 17.2.32616.157
MinimumVisualStudioVersion = 10.0.40219.1
Project("{FAE04EC0-301F-11D3-BF4B-00C04F79EFBC}") = "LISP.BL", "LISP.BL\LISP.BL.csproj", "{5F0033F3-91CA-4AB1-9552-F46CABE8FCF7}"
EndProject
Project("{2150E333-8FDC-42A3-9474-1A3956D46DE8}") = "LISPUnitTest", "LISPUnitTest", "{BB2E91B8-ECDD-4E62-9C47-B0612B3E29AC}"
EndProject
Project("{FAE04EC0-301F-11D3-BF4B-00C04F79EFBC}") = "LISP.BLTest", "LISP.BLTest\LISP.BLTest.csproj", "{2E47B038-A030-41C4-8A5B-9CE0B83AAE4C}"
EndProject
Project("{9A19103F-16F7-4668-BE54-9A1E7A4F7556}") = "LISPProgam", "LISPProgam\LISPProgam.csproj", "{B05426A9-9FC3-4C9E-B469-C683E5FD734C}"
EndProject
Project("{2150E333-8FDC-42A3-9474-1A3956D46DE8}") = "RegistrationForm", "RegistrationForm", "{96F9A791-F475-4B32-A261-FFE624C091B0}"
	ProjectSection(SolutionItems) = preProject
		JSForm.js = JSForm.js
		RegistrationForm.html = RegistrationForm.html
	EndProjectSection
EndProject
Project("{2150E333-8FDC-42A3-9474-1A3956D46DE8}") = "CSVReader", "CSVReader", "{A6C42D25-D170-4AC2-8114-FECF9720CB64}"
EndProject
Project("{FAE04EC0-301F-11D3-BF4B-00C04F79EFBC}") = "CSVReader.BL", "CSVReader.BL\CSVReader.BL.csproj", "{A3A294B3-145F-4AFD-ADFC-1CED3760DF61}"
EndProject
Project("{FAE04EC0-301F-11D3-BF4B-00C04F79EFBC}") = "CSVReader.AL", "CSVReader.AL\CSVReader.AL.csproj", "{CFA8C910-9839-4789-ACCE-9D4BCC39799A}"
EndProject
Project("{FAE04EC0-301F-11D3-BF4B-00C04F79EFBC}") = "CSVReader.UnitTest", "CSVReader.UnitTest\CSVReader.UnitTest.csproj", "{5FB0308F-0949-4777-A49D-2D858CF87DFC}"
EndProject
Project("{2150E333-8FDC-42A3-9474-1A3956D46DE8}") = "LISPChecker", "LISPChecker", "{21D03881-67B8-4099-9994-5C5F95156C50}"
EndProject
Project("{2150E333-8FDC-42A3-9474-1A3956D46DE8}") = "SQL", "SQL", "{CA1B65E9-719B-4DFF-81CD-5511B621DD1D}"
	ProjectSection(SolutionItems) = preProject
		C:\Users\king_\OneDrive\Documents\SQL Server Management Studio\Availity Assessment.sql = C:\Users\king_\OneDrive\Documents\SQL Server Management Studio\Availity Assessment.sql
	EndProjectSection
EndProject
Global
	GlobalSection(SolutionConfigurationPlatforms) = preSolution
		Debug|Any CPU = Debug|Any CPU
		Release|Any CPU = Release|Any CPU
	EndGlobalSection
	GlobalSection(ProjectConfigurationPlatforms) = postSolution
		{5F0033F3-91CA-4AB1-9552-F46CABE8FCF7}.Debug|Any CPU.ActiveCfg = Debug|Any CPU
		{5F0033F3-91CA-4AB1-9552-F46CABE8FCF7}.Debug|Any CPU.Build.0 = Debug|Any CPU
		{5F0033F3-91CA-4AB1-9552-F46CABE8FCF7}.Release|Any CPU.ActiveCfg = Release|Any CPU
		{5F0033F3-91CA-4AB1-9552-F46CABE8FCF7}.Release|Any CPU.Build.0 = Release|Any CPU
		{2E47B038-A030-41C4-8A5B-9CE0B83AAE4C}.Debug|Any CPU.ActiveCfg = Debug|Any CPU
		{2E47B038-A030-41C4-8A5B-9CE0B83AAE4C}.Debug|Any CPU.Build.0 = Debug|Any CPU
		{2E47B038-A030-41C4-8A5B-9CE0B83AAE4C}.Release|Any CPU.ActiveCfg = Release|Any CPU
		{2E47B038-A030-41C4-8A5B-9CE0B83AAE4C}.Release|Any CPU.Build.0 = Release|Any CPU
		{B05426A9-9FC3-4C9E-B469-C683E5FD734C}.Debug|Any CPU.ActiveCfg = Debug|Any CPU
		{B05426A9-9FC3-4C9E-B469-C683E5FD734C}.Debug|Any CPU.Build.0 = Debug|Any CPU
		{B05426A9-9FC3-4C9E-B469-C683E5FD734C}.Release|Any CPU.ActiveCfg = Release|Any CPU
		{B05426A9-9FC3-4C9E-B469-C683E5FD734C}.Release|Any CPU.Build.0 = Release|Any CPU
		{A3A294B3-145F-4AFD-ADFC-1CED3760DF61}.Debug|Any CPU.ActiveCfg = Debug|Any CPU
		{A3A294B3-145F-4AFD-ADFC-1CED3760DF61}.Debug|Any CPU.Build.0 = Debug|Any CPU
		{A3A294B3-145F-4AFD-ADFC-1CED3760DF61}.Release|Any CPU.ActiveCfg = Release|Any CPU
		{A3A294B3-145F-4AFD-ADFC-1CED3760DF61}.Release|Any CPU.Build.0 = Release|Any CPU
		{CFA8C910-9839-4789-ACCE-9D4BCC39799A}.Debug|Any CPU.ActiveCfg = Debug|Any CPU
		{CFA8C910-9839-4789-ACCE-9D4BCC39799A}.Debug|Any CPU.Build.0 = Debug|Any CPU
		{CFA8C910-9839-4789-ACCE-9D4BCC39799A}.Release|Any CPU.ActiveCfg = Release|Any CPU
		{CFA8C910-9839-4789-ACCE-9D4BCC39799A}.Release|Any CPU.Build.0 = Release|Any CPU
		{5FB0308F-0949-4777-A49D-2D858CF87DFC}.Debug|Any CPU.ActiveCfg = Debug|Any CPU
		{5FB0308F-0949-4777-A49D-2D858CF87DFC}.Debug|Any CPU.Build.0 = Debug|Any CPU
		{5FB0308F-0949-4777-A49D-2D858CF87DFC}.Release|Any CPU.ActiveCfg = Release|Any CPU
		{5FB0308F-0949-4777-A49D-2D858CF87DFC}.Release|Any CPU.Build.0 = Release|Any CPU
	EndGlobalSection
	GlobalSection(SolutionProperties) = preSolution
		HideSolutionNode = FALSE
	EndGlobalSection
	GlobalSection(NestedProjects) = preSolution
		{5F0033F3-91CA-4AB1-9552-F46CABE8FCF7} = {21D03881-67B8-4099-9994-5C5F95156C50}
		{BB2E91B8-ECDD-4E62-9C47-B0612B3E29AC} = {21D03881-67B8-4099-9994-5C5F95156C50}
		{2E47B038-A030-41C4-8A5B-9CE0B83AAE4C} = {BB2E91B8-ECDD-4E62-9C47-B0612B3E29AC}
		{B05426A9-9FC3-4C9E-B469-C683E5FD734C} = {21D03881-67B8-4099-9994-5C5F95156C50}
		{A3A294B3-145F-4AFD-ADFC-1CED3760DF61} = {A6C42D25-D170-4AC2-8114-FECF9720CB64}
		{CFA8C910-9839-4789-ACCE-9D4BCC39799A} = {A6C42D25-D170-4AC2-8114-FECF9720CB64}
		{5FB0308F-0949-4777-A49D-2D858CF87DFC} = {A6C42D25-D170-4AC2-8114-FECF9720CB64}
	EndGlobalSection
	GlobalSection(ExtensibilityGlobals) = postSolution
		SolutionGuid = {187488AC-3ABC-4916-879C-D275AE628B80}
	EndGlobalSection
EndGlobal
